
Microsoft Visual Studio Solution File, Format Version 12.00
# Visual Studio Version 17
VisualStudioVersion = 17.8.34330.188
MinimumVisualStudioVersion = 10.0.40219.1
Project("{FAE04EC0-301F-11D3-BF4B-00C04F79EFBC}") = "COP 4365 Project 3", "COP 4365 Project 2\COP 4365 Project 3.csproj", "{1C8D1A99-0A4B-4D82-A60B-07FCB0E538E2}"
EndProject
Global
	GlobalSection(SolutionConfigurationPlatforms) = preSolution
		Debug|Any CPU = Debug|Any CPU
		Release|Any CPU = Release|Any CPU
	EndGlobalSection
	GlobalSection(ProjectConfigurationPlatforms) = postSolution
		{1C8D1A99-0A4B-4D82-A60B-07FCB0E538E2}.Debug|Any CPU.ActiveCfg = Debug|Any CPU
		{1C8D1A99-0A4B-4D82-A60B-07FCB0E538E2}.Debug|Any CPU.Build.0 = Debug|Any CPU
		{1C8D1A99-0A4B-4D82-A60B-07FCB0E538E2}.Release|Any CPU.ActiveCfg = Release|Any CPU
		{1C8D1A99-0A4B-4D82-A60B-07FCB0E538E2}.Release|Any CPU.Build.0 = Release|Any CPU
	EndGlobalSection
	GlobalSection(SolutionProperties) = preSolution
		HideSolutionNode = FALSE
	EndGlobalSection
	GlobalSection(ExtensibilityGlobals) = postSolution
		SolutionGuid = {9ED9DF66-55FC-48E2-8EEC-9A9727DF238C}
	EndGlobalSection
EndGlobal
